
Microsoft Visual Studio Solution File, Format Version 12.00
# Visual Studio Version 17
VisualStudioVersion = 17.0.31903.59
MinimumVisualStudioVersion = 10.0.40219.1
Project("{2150E333-8FDC-42A3-9474-1A3956D46DE8}") = "src", "src", "{B0343779-0B2C-4466-A797-6EADA806F425}"
EndProject
Project("{FAE04EC0-301F-11D3-BF4B-00C04F79EFBC}") = "Bolay.LeetCode.Problems", "src\Bolay.LeetCode.Problems\Bolay.LeetCode.Problems.csproj", "{FD5AAA3E-B0D7-4246-ADD1-EE9ED6CB114F}"
EndProject
Project("{2150E333-8FDC-42A3-9474-1A3956D46DE8}") = "tests", "tests", "{AEAF9D14-8748-4D2B-ABE1-21B3A8CCD40C}"
EndProject
Project("{FAE04EC0-301F-11D3-BF4B-00C04F79EFBC}") = "Bolay.LeetCode.Problems.Tests", "tests\Bolay.LeetCode.Problems.Tests\Bolay.LeetCode.Problems.Tests.csproj", "{66682EF8-0C63-4F71-9744-795ECA67D9E5}"
EndProject
Global
	GlobalSection(SolutionConfigurationPlatforms) = preSolution
		Debug|Any CPU = Debug|Any CPU
		Release|Any CPU = Release|Any CPU
	EndGlobalSection
	GlobalSection(SolutionProperties) = preSolution
		HideSolutionNode = FALSE
	EndGlobalSection
	GlobalSection(ProjectConfigurationPlatforms) = postSolution
		{FD5AAA3E-B0D7-4246-ADD1-EE9ED6CB114F}.Debug|Any CPU.ActiveCfg = Debug|Any CPU
		{FD5AAA3E-B0D7-4246-ADD1-EE9ED6CB114F}.Debug|Any CPU.Build.0 = Debug|Any CPU
		{FD5AAA3E-B0D7-4246-ADD1-EE9ED6CB114F}.Release|Any CPU.ActiveCfg = Release|Any CPU
		{FD5AAA3E-B0D7-4246-ADD1-EE9ED6CB114F}.Release|Any CPU.Build.0 = Release|Any CPU
		{66682EF8-0C63-4F71-9744-795ECA67D9E5}.Debug|Any CPU.ActiveCfg = Debug|Any CPU
		{66682EF8-0C63-4F71-9744-795ECA67D9E5}.Debug|Any CPU.Build.0 = Debug|Any CPU
		{66682EF8-0C63-4F71-9744-795ECA67D9E5}.Release|Any CPU.ActiveCfg = Release|Any CPU
		{66682EF8-0C63-4F71-9744-795ECA67D9E5}.Release|Any CPU.Build.0 = Release|Any CPU
	EndGlobalSection
	GlobalSection(NestedProjects) = preSolution
		{FD5AAA3E-B0D7-4246-ADD1-EE9ED6CB114F} = {B0343779-0B2C-4466-A797-6EADA806F425}
		{66682EF8-0C63-4F71-9744-795ECA67D9E5} = {AEAF9D14-8748-4D2B-ABE1-21B3A8CCD40C}
	EndGlobalSection
EndGlobal
